{
  "name": "rxjs-fullstack",
  "version": "0.0.0",
  "lockfileVersion": 3,
  "requires": true,
  "packages": {
    "": {
      "name": "rxjs-fullstack",
      "version": "0.0.0",
      "dependencies": {
        "@electric-sql/pglite": "0.5.5",
        "@hono/node-server": "2.1.1",
        "hono": "4.13.3",
        "rxjs": "7.8.2",
        "rxjs-router": "file:../rxjs-router"
      },
      "devDependencies": {
        "@types/node": "22.20.1",
        "typescript": "5.9.3"
      }
    },
    "../rxjs-router": {
      "version": "0.1.0",
      "dependencies": {
        "rxjs": "^7.8.2"
      },
      "devDependencies": {
        "@types/node": "^22.13.14",
        "typescript": "^5.9.2",
        "vitest": "^3.2.4"
      }
    },
    "node_modules/@electric-sql/pglite": {
      "version": "0.5.5",
      "resolved": "https://registry.npmjs.org/@electric-sql/pglite/-/pglite-0.5.5.tgz",
      "license": "Apache-2.0"
    },
    "node_modules/@hono/node-server": {
      "version": "2.1.1",
      "resolved": "https://registry.npmjs.org/@hono/node-server/-/node-server-2.1.1.tgz",
      "integrity": "sha512-ELuehkj5VCBdgEw9zs+ivkKwyzzUCSQuE96YmiPvn1ECBoZCczbFXJLeEGMTYjphP6gydh4pHMqEYPVMYUVgQg==",
      "license": "MIT",
      "engines": {
        "node": ">=20"
      },
      "peerDependencies": {
        "hono": "^4"
      }
    },
    "node_modules/@types/node": {
      "version": "22.20.1",
      "resolved": "https://registry.npmjs.org/@types/node/-/node-22.20.1.tgz",
      "integrity": "sha512-EANqOCF9QFyra+4pfxUcX9STKJpCLjMbObVzljIJomAWSnuSIEAvyzEU53GaajbXJEgdh0iEcPL+DGvpUd4k1Q==",
      "dev": true,
      "license": "MIT",
      "dependencies": {
        "undici-types": "~6.21.0"
      }
    },
    "node_modules/hono": {
      "version": "4.13.3",
      "resolved": "https://registry.npmjs.org/hono/-/hono-4.13.3.tgz",
      "integrity": "sha512-r8AO2mYHoLxSHkgafNeC/BXyb2vWRxD3jem4Ts+ptav8oTG5FIRifAjuJEmZI4bSvvc2ns0GxmIYiZnHqN3mMw==",
      "license": "MIT",
      "engines": {
        "node": ">=16.9.0"
      }
    },
    "node_modules/rxjs": {
      "version": "7.8.2",
      "resolved": "https://registry.npmjs.org/rxjs/-/rxjs-7.8.2.tgz",
      "integrity": "sha512-dhKf903U/PQZY6boNNtAGdWg85WAbjT/1xYoZIC7FAY0yWapOBQVsVrDl58W86//e1VpMNBtRV4MaXfdMySFA==",
      "license": "Apache-2.0",
      "dependencies": {
        "tslib": "^2.1.0"
      }
    },
    "node_modules/rxjs-router": {
      "resolved": "../rxjs-router",
      "link": true
    },
    "node_modules/tslib": {
      "version": "2.8.1",
      "resolved": "https://registry.npmjs.org/tslib/-/tslib-2.8.1.tgz",
      "integrity": "sha512-oJFu94HQb+KVduSUQLwnpmqnfmLsOA/nAh6b6EH0wCEoK0/mPeXU6c3wKDV83MkOuHPRHtSXKKU99IBazS/2w==",
      "license": "0BSD"
    },
    "node_modules/typescript": {
      "version": "5.9.3",
      "resolved": "https://registry.npmjs.org/typescript/-/typescript-5.9.3.tgz",
      "integrity": "sha512-jl1vZzPDinLr9eUt3J/t7V6FgNEw9QjvBPdysz9KfQDD41fQrC2Y4vKQdiaUpFT4bXlb1RHhLpp8wtm6M5TgSw==",
      "dev": true,
      "license": "Apache-2.0",
      "bin": {
        "tsc": "bin/tsc",
        "tsserver": "bin/tsserver"
      },
      "engines": {
        "node": ">=14.17"
      }
    },
    "node_modules/undici-types": {
      "version": "6.21.0",
      "resolved": "https://registry.npmjs.org/undici-types/-/undici-types-6.21.0.tgz",
      "integrity": "sha512-iwDZqg0QAGrg9Rav5H4n0M64c3mkR59cJ6wQp+7C4nI0gsmExaedaYLNO44eT4AtBBwjbTiGPMlt2Md0T9H9JQ==",
      "dev": true,
      "license": "MIT"
    }
  }
}
